{
  "version": 4,
  "terraform_version": "1.15.8",
  "serial": 208,
  "lineage": "b05e48f8-ae8c-b73c-04df-50aba1a62961",
  "outputs": {},
  "resources": [
    {
      "module": "module.dms",
      "mode": "data",
      "type": "aws_secretsmanager_secret_version",
      "name": "postgres",
      "provider": "provider[\"registry.terraform.io/hashicorp/aws\"].source",
      "instances": [
        {
          "schema_version": 0,
          "attributes": {
            "arn": "arn:aws:secretsmanager:eu-west-2:851459781336:secret:aurora-master-password-dpmdzs",
            "created_date": "2026-08-03T21:08:14Z",
            "id": "aurora-master-password|AWSCURRENT",
            "region": "eu-west-2",
            "secret_arn": "arn:aws:secretsmanager:eu-west-2:851459781336:secret:aurora-master-password-dpmdzs",
            "secret_binary": "",
            "secret_id": "aurora-master-password",
            "secret_string": "{\"password\":\"Super$ecretPassw0rd\",\"username\":\"postgres\"}",
            "version_id": "terraform-IItDqn866d8xUDRUpfVFUSpnau",
            "version_stage": "AWSCURRENT",
            "version_stages": [
              "AWSCURRENT"
            ]
          },
          "sensitive_attributes": [
            [
              {
                "type": "get_attr",
                "value": "secret_binary"
              }
            ],
            [
              {
                "type": "get_attr",
                "value": "secret_string"
              }
            ]
          ],
          "identity_schema_version": 0
        }
      ]
    },
    {
      "module": "module.dms",
      "mode": "managed",
      "type": "aws_dms_endpoint",
      "name": "source",
      "provider": "provider[\"registry.terraform.io/hashicorp/aws\"].source",
      "instances": [
        {
          "schema_version": 0,
          "attributes": {
            "certificate_arn": "",
            "database_name": "dvdrental",
            "elasticsearch_settings": [],
            "endpoint_arn": "arn:aws:dms:eu-west-2:851459781336:endpoint:UQIE2R22NZGXVELJWS36TO6MGQ",
            "endpoint_id": "aurora-source",
            "endpoint_type": "source",
            "engine_name": "postgres",
            "extra_connection_attributes": "",
            "id": "aurora-source",
            "kafka_settings": [],
            "kinesis_settings": [],
            "kms_key_arn": "arn:aws:kms:eu-west-2:851459781336:key/0f4540b6-a3a6-4a39-965d-5236ac6a7d91",
            "mongodb_settings": [],
            "mysql_settings": [],
            "oracle_settings": [],
            "password": "Super$ecretPassw0rd",
            "pause_replication_tasks": null,
            "port": 5432,
            "postgres_settings": [
              {
                "after_connect_script": "",
                "authentication_method": "password",
                "babelfish_database_name": "",
                "capture_ddls": false,
                "database_mode": "",
                "ddl_artifacts_schema": "",
                "execute_timeout": 0,
                "fail_tasks_on_lob_truncation": false,
                "heartbeat_enable": false,
                "heartbeat_frequency": 0,
                "heartbeat_schema": "",
                "map_boolean_as_boolean": false,
                "map_jsonb_as_clob": false,
                "map_long_varchar_as": "",
                "max_file_size": 0,
                "plugin_name": "",
                "service_access_role_arn": "",
                "slot_name": ""
              }
            ],
            "redis_settings": [],
            "redshift_settings": [],
            "region": "eu-west-2",
            "secrets_manager_access_role_arn": "",
            "secrets_manager_arn": "",
            "server_name": "aurora-source.cluster-cjwgq0wq2ukk.eu-west-2.rds.amazonaws.com",
            "service_access_role": null,
            "ssl_mode": "none",
            "tags": {},
            "tags_all": {},
            "timeouts": null,
            "username": "postgres"
          },
          "sensitive_attributes": [
            [
              {
                "type": "get_attr",
                "value": "password"
              }
            ]
          ],
          "identity_schema_version": 0,
          "private": "eyJlMmJmYjczMC1lY2FhLTExZTYtOGY4OC0zNDM2M2JjN2M0YzAiOnsiY3JlYXRlIjozMDAwMDAwMDAwMDAsImRlbGV0ZSI6NjAwMDAwMDAwMDAwfX0=",
          "dependencies": [
            "module.source_account.aws_db_subnet_group.source",
            "module.source_account.aws_rds_cluster.source",
            "module.source_account.aws_security_group.source_db",
            "module.vpc.aws_subnet.source_private_a",
            "module.vpc.aws_subnet.source_private_b",
            "module.vpc.aws_vpc.source"
          ]
        }
      ]
    },
    {
      "module": "module.dms",
      "mode": "managed",
      "type": "aws_dms_endpoint",
      "name": "target",
      "provider": "provider[\"registry.terraform.io/hashicorp/aws\"].source",
      "instances": [
        {
          "schema_version": 0,
          "attributes": {
            "certificate_arn": "",
            "database_name": "dvdrental_replica",
            "elasticsearch_settings": [],
            "endpoint_arn": "arn:aws:dms:eu-west-2:851459781336:endpoint:LECT36ZDONGOTPQMXYIR7SKWFM",
            "endpoint_id": "aurora-target",
            "endpoint_type": "target",
            "engine_name": "postgres",
            "extra_connection_attributes": "",
            "id": "aurora-target",
            "kafka_settings": [],
            "kinesis_settings": [],
            "kms_key_arn": "arn:aws:kms:eu-west-2:851459781336:key/0f4540b6-a3a6-4a39-965d-5236ac6a7d91",
            "mongodb_settings": [],
            "mysql_settings": [],
            "oracle_settings": [],
            "password": "Super$ecretPassw0rd",
            "pause_replication_tasks": null,
            "port": 5432,
            "postgres_settings": [
              {
                "after_connect_script": "",
                "authentication_method": "password",
                "babelfish_database_name": "",
                "capture_ddls": false,
                "database_mode": "",
                "ddl_artifacts_schema": "",
                "execute_timeout": 0,
                "fail_tasks_on_lob_truncation": false,
                "heartbeat_enable": false,
                "heartbeat_frequency": 0,
                "heartbeat_schema": "",
                "map_boolean_as_boolean": false,
                "map_jsonb_as_clob": false,
                "map_long_varchar_as": "",
                "max_file_size": 0,
                "plugin_name": "",
                "service_access_role_arn": "",
                "slot_name": ""
              }
            ],
            "redis_settings": [],
            "redshift_settings": [],
            "region": "eu-west-2",
            "secrets_manager_access_role_arn": "",
            "secrets_manager_arn": "",
            "server_name": "aurora-target.cluster-c60ajralrgrs.eu-west-2.rds.amazonaws.com",
            "service_access_role": null,
            "ssl_mode": "none",
            "tags": {},
            "tags_all": {},
            "timeouts": null,
            "username": "postgres"
          },
          "sensitive_attributes": [
            [
              {
                "type": "get_attr",
                "value": "password"
              }
            ]
          ],
          "identity_schema_version": 0,
          "private": "eyJlMmJmYjczMC1lY2FhLTExZTYtOGY4OC0zNDM2M2JjN2M0YzAiOnsiY3JlYXRlIjozMDAwMDAwMDAwMDAsImRlbGV0ZSI6NjAwMDAwMDAwMDAwfX0=",
          "dependencies": [
            "module.target_account.aws_db_subnet_group.target",
            "module.target_account.aws_rds_cluster.target",
            "module.target_account.aws_security_group.target_db",
            "module.vpc.aws_subnet.target_private_a",
            "module.vpc.aws_subnet.target_private_b",
            "module.vpc.aws_vpc.target"
          ]
        }
      ]
    },
    {
      "module": "module.dms",
      "mode": "managed",
      "type": "aws_dms_replication_instance",
      "name": "main",
      "provider": "provider[\"registry.terraform.io/hashicorp/aws\"].source",
      "instances": [
        {
          "schema_version": 0,
          "attributes": {
            "allocated_storage": 200,
            "allow_major_version_upgrade": null,
            "apply_immediately": null,
            "auto_minor_version_upgrade": false,
            "availability_zone": "eu-west-2a",
            "dns_name_servers": "",
            "engine_version": "3.5.4",
            "id": "aurora-cdc",
            "kerberos_authentication_settings": [],
            "kms_key_arn": "arn:aws:kms:eu-west-2:851459781336:key/0f4540b6-a3a6-4a39-965d-5236ac6a7d91",
            "multi_az": false,
            "network_type": "IPV4",
            "preferred_maintenance_window": "sat:11:39-sat:12:09",
            "publicly_accessible": false,
            "region": "eu-west-2",
            "replication_instance_arn": "arn:aws:dms:eu-west-2:851459781336:rep:N2JXOAD4HBCDFFWMJ7TH3FRQC4",
            "replication_instance_class": "dms.t3.medium",
            "replication_instance_id": "aurora-cdc",
            "replication_instance_private_ips": [
              "172.31.27.107"
            ],
            "replication_instance_public_ips": [],
            "replication_subnet_group_id": "default",
            "tags": {},
            "tags_all": {},
            "timeouts": null,
            "vpc_security_group_ids": [
              "sg-0d7ab9d7d004b20f0"
            ]
          },
          "sensitive_attributes": [],
          "identity_schema_version": 0,
          "private": "eyJlMmJmYjczMC1lY2FhLTExZTYtOGY4OC0zNDM2M2JjN2M0YzAiOnsiY3JlYXRlIjoyNDAwMDAwMDAwMDAwLCJkZWxldGUiOjE4MDAwMDAwMDAwMDAsInVwZGF0ZSI6MTgwMDAwMDAwMDAwMH19",
          "dependencies": [
            "module.dms.aws_iam_role.dms_vpc_role",
            "module.dms.aws_iam_role_policy_attachment.dms_vpc_role"
          ]
        }
      ]
    },
    {
      "module": "module.dms",
      "mode": "managed",
      "type": "aws_dms_replication_task",
      "name": "cdc",
      "provider": "provider[\"registry.terraform.io/hashicorp/aws\"].source",
      "instances": [
        {
          "schema_version": 0,
          "attributes": {
            "cdc_start_position": "",
            "cdc_start_time": null,
            "id": "dvdrental-cdc",
            "migration_type": "full-load-and-cdc",
            "region": "eu-west-2",
            "replication_instance_arn": "arn:aws:dms:eu-west-2:851459781336:rep:N2JXOAD4HBCDFFWMJ7TH3FRQC4",
            "replication_task_arn": "arn:aws:dms:eu-west-2:851459781336:task:Y32OMJPFGBFL3BPAE3OQBL37GM",
            "replication_task_id": "dvdrental-cdc",
            "replication_task_settings": "{\"Logging\":{\"EnableLogging\":false,\"EnableLogContext\":false,\"LogComponents\":[{\"Severity\":\"LOGGER_SEVERITY_DEFAULT\",\"Id\":\"DATA_STRUCTURE\"},{\"Severity\":\"LOGGER_SEVERITY_DEFAULT\",\"Id\":\"COMMUNICATION\"},{\"Severity\":\"LOGGER_SEVERITY_DEFAULT\",\"Id\":\"IO\"},{\"Severity\":\"LOGGER_SEVERITY_DEFAULT\",\"Id\":\"COMMON\"},{\"Severity\":\"LOGGER_SEVERITY_DEFAULT\",\"Id\":\"FILE_FACTORY\"},{\"Severity\":\"LOGGER_SEVERITY_DEFAULT\",\"Id\":\"FILE_TRANSFER\"},{\"Severity\":\"LOGGER_SEVERITY_DEFAULT\",\"Id\":\"REST_SERVER\"},{\"Severity\":\"LOGGER_SEVERITY_DEFAULT\",\"Id\":\"ADDONS\"},{\"Severity\":\"LOGGER_SEVERITY_DEFAULT\",\"Id\":\"TARGET_LOAD\"},{\"Severity\":\"LOGGER_SEVERITY_DEFAULT\",\"Id\":\"TARGET_APPLY\"},{\"Severity\":\"LOGGER_SEVERITY_DEFAULT\",\"Id\":\"SOURCE_UNLOAD\"},{\"Severity\":\"LOGGER_SEVERITY_DEFAULT\",\"Id\":\"SOURCE_CAPTURE\"},{\"Severity\":\"LOGGER_SEVERITY_DEFAULT\",\"Id\":\"TRANSFORMATION\"},{\"Severity\":\"LOGGER_SEVERITY_DEFAULT\",\"Id\":\"SORTER\"},{\"Severity\":\"LOGGER_SEVERITY_DEFAULT\",\"Id\":\"TASK_MANAGER\"},{\"Severity\":\"LOGGER_SEVERITY_DEFAULT\",\"Id\":\"TABLES_MANAGER\"},{\"Severity\":\"LOGGER_SEVERITY_DEFAULT\",\"Id\":\"METADATA_MANAGER\"},{\"Severity\":\"LOGGER_SEVERITY_DEFAULT\",\"Id\":\"PERFORMANCE\"},{\"Severity\":\"LOGGER_SEVERITY_DEFAULT\",\"Id\":\"VALIDATOR_EXT\"}],\"CloudWatchLogGroup\":null,\"CloudWatchLogStream\":null},\"StreamBufferSettings\":{\"StreamBufferCount\":3,\"CtrlStreamBufferSizeInMB\":5,\"StreamBufferSizeInMB\":8},\"ErrorBehavior\":{\"FailOnNoTablesCaptured\":true,\"ApplyErrorUpdatePolicy\":\"LOG_ERROR\",\"FailOnTransactionConsistencyBreached\":false,\"RecoverableErrorThrottlingMax\":1800,\"DataErrorEscalationPolicy\":\"SUSPEND_TABLE\",\"ApplyErrorEscalationCount\":0,\"RecoverableErrorStopRetryAfterThrottlingMax\":true,\"RecoverableErrorThrottling\":true,\"ApplyErrorFailOnTruncationDdl\":false,\"DataMaskingErrorPolicy\":\"STOP_TASK\",\"DataTruncationErrorPolicy\":\"LOG_ERROR\",\"ApplyErrorInsertPolicy\":\"LOG_ERROR\",\"EventErrorPolicy\":\"IGNORE\",\"ApplyErrorEscalationPolicy\":\"LOG_ERROR\",\"RecoverableErrorCount\":-1,\"DataErrorEscalationCount\":0,\"TableErrorEscalationPolicy\":\"STOP_TASK\",\"RecoverableErrorInterval\":5,\"ApplyErrorDeletePolicy\":\"IGNORE_RECORD\",\"TableErrorEscalationCount\":0,\"FullLoadIgnoreConflicts\":true,\"DataErrorPolicy\":\"LOG_ERROR\",\"TableErrorPolicy\":\"SUSPEND_TABLE\"},\"TTSettings\":{\"TTS3Settings\":null,\"TTRecordSettings\":null,\"EnableTT\":false},\"FullLoadSettings\":{\"CommitRate\":10000,\"StopTaskCachedChangesApplied\":false,\"StopTaskCachedChangesNotApplied\":false,\"MaxFullLoadSubTasks\":8,\"TransactionConsistencyTimeout\":600,\"CreatePkAfterFullLoad\":false,\"TargetTablePrepMode\":\"DROP_AND_CREATE\"},\"TargetMetadata\":{\"ParallelApplyBufferSize\":0,\"ParallelApplyQueuesPerThread\":0,\"ParallelApplyThreads\":0,\"TargetSchema\":\"\",\"InlineLobMaxSize\":0,\"ParallelLoadQueuesPerThread\":0,\"SupportLobs\":true,\"LobChunkSize\":64,\"TaskRecoveryTableEnabled\":false,\"ParallelLoadThreads\":0,\"LobMaxSize\":32,\"BatchApplyEnabled\":false,\"FullLobMode\":false,\"LimitedSizeLobMode\":true,\"LoadMaxFileSize\":0,\"ParallelLoadBufferSize\":0},\"BeforeImageSettings\":null,\"ControlTablesSettings\":{\"historyTimeslotInMinutes\":5,\"HistoryTimeslotInMinutes\":5,\"StatusTableEnabled\":false,\"SuspendedTablesTableEnabled\":false,\"HistoryTableEnabled\":false,\"ControlSchema\":\"\",\"FullLoadExceptionTableEnabled\":false},\"LoopbackPreventionSettings\":null,\"CharacterSetSettings\":null,\"FailTaskWhenCleanTaskResourceFailed\":false,\"ChangeProcessingTuning\":{\"StatementCacheSize\":50,\"CommitTimeout\":1,\"RecoveryTimeout\":-1,\"BatchApplyPreserveTransaction\":true,\"BatchApplyTimeoutMin\":1,\"BatchSplitSize\":0,\"BatchApplyTimeoutMax\":30,\"MinTransactionSize\":1000,\"MemoryKeepTime\":60,\"BatchApplyMemoryLimit\":500,\"MemoryLimitTotal\":1024},\"ChangeProcessingDdlHandlingPolicy\":{\"HandleSourceTableDropped\":true,\"HandleSourceTableTruncated\":true,\"HandleSourceTableAltered\":true},\"PostProcessingRules\":null}",
            "resource_identifier": null,
            "source_endpoint_arn": "arn:aws:dms:eu-west-2:851459781336:endpoint:UQIE2R22NZGXVELJWS36TO6MGQ",
            "start_replication_task": false,
            "status": "ready",
            "table_mappings": "{\"rules\":[{\"object-locator\":{\"schema-name\":\"public\",\"table-name\":\"%\"},\"rule-action\":\"include\",\"rule-id\":\"1\",\"rule-name\":\"1\",\"rule-type\":\"selection\"}]}",
            "tags": {},
            "tags_all": {},
            "target_endpoint_arn": "arn:aws:dms:eu-west-2:851459781336:endpoint:LECT36ZDONGOTPQMXYIR7SKWFM"
          },
          "sensitive_attributes": [],
          "identity_schema_version": 0,
          "private": "bnVsbA==",
          "dependencies": [
            "module.dms.aws_dms_endpoint.source",
            "module.dms.aws_dms_endpoint.target",
            "module.dms.aws_dms_replication_instance.main",
            "module.dms.aws_iam_role.dms_vpc_role",
            "module.dms.aws_iam_role_policy_attachment.dms_vpc_role",
            "module.source_account.aws_db_subnet_group.source",
            "module.source_account.aws_rds_cluster.source",
            "module.source_account.aws_security_group.source_db",
            "module.target_account.aws_db_subnet_group.target",
            "module.target_account.aws_rds_cluster.target",
            "module.target_account.aws_security_group.target_db",
            "module.vpc.aws_subnet.source_private_a",
            "module.vpc.aws_subnet.source_private_b",
            "module.vpc.aws_subnet.target_private_a",
            "module.vpc.aws_subnet.target_private_b",
            "module.vpc.aws_vpc.source",
            "module.vpc.aws_vpc.target"
          ]
        }
      ]
    },
    {
      "module": "module.dms",
      "mode": "managed",
      "type": "aws_iam_role",
      "name": "dms_vpc_role",
      "provider": "provider[\"registry.terraform.io/hashicorp/aws\"].source",
      "instances": [
        {
          "schema_version": 0,
          "attributes": {
            "arn": "arn:aws:iam::851459781336:role/dms-vpc-role",
            "assume_role_policy": "{\"Statement\":[{\"Action\":\"sts:AssumeRole\",\"Effect\":\"Allow\",\"Principal\":{\"Service\":\"dms.amazonaws.com\"}}],\"Version\":\"2012-10-17\"}",
            "create_date": "2026-08-03T14:28:55Z",
            "description": "",
            "force_detach_policies": false,
            "id": "dms-vpc-role",
            "inline_policy": [],
            "managed_policy_arns": [
              "arn:aws:iam::aws:policy/service-role/AmazonDMSVPCManagementRole"
            ],
            "max_session_duration": 3600,
            "name": "dms-vpc-role",
            "name_prefix": "",
            "path": "/",
            "permissions_boundary": "",
            "tags": {},
            "tags_all": {},
            "unique_id": "AROA4MPXVGLMBS22AU66R"
          },
          "sensitive_attributes": [],
          "identity_schema_version": 0,
          "identity": {
            "account_id": "851459781336",
            "name": "dms-vpc-role"
          },
          "private": "bnVsbA=="
        }
      ]
    },
    {
      "module": "module.dms",
      "mode": "managed",
      "type": "aws_iam_role_policy_attachment",
      "name": "dms_vpc_role",
      "provider": "provider[\"registry.terraform.io/hashicorp/aws\"].source",
      "instances": [
        {
          "schema_version": 0,
          "attributes": {
            "id": "dms-vpc-role/arn:aws:iam::aws:policy/service-role/AmazonDMSVPCManagementRole",
            "policy_arn": "arn:aws:iam::aws:policy/service-role/AmazonDMSVPCManagementRole",
            "role": "dms-vpc-role"
          },
          "sensitive_attributes": [],
          "identity_schema_version": 0,
          "identity": {
            "account_id": "851459781336",
            "policy_arn": "arn:aws:iam::aws:policy/service-role/AmazonDMSVPCManagementRole",
            "role": "dms-vpc-role"
          },
          "private": "bnVsbA==",
          "dependencies": [
            "module.dms.aws_iam_role.dms_vpc_role"
          ]
        }
      ]
    },
    {
      "module": "module.dms",
      "mode": "managed",
      "type": "aws_instance",
      "name": "postgres_bootstrap",
      "provider": "provider[\"registry.terraform.io/hashicorp/aws\"].source",
      "instances": [
        {
          "schema_version": 2,
          "attributes": {
            "ami": "ami-02e6c6399b3d63769",
            "arn": "arn:aws:ec2:eu-west-2:851459781336:instance/i-0f4de65e4db8f7be3",
            "associate_public_ip_address": true,
            "availability_zone": "eu-west-2a",
            "capacity_reservation_specification": [
              {
                "capacity_reservation_preference": "open",
                "capacity_reservation_target": []
              }
            ],
            "cpu_options": [
              {
                "amd_sev_snp": "",
                "core_count": 2,
                "nested_virtualization": "",
                "threads_per_core": 1
              }
            ],
            "credit_specification": [
              {
                "cpu_credits": "unlimited"
              }
            ],
            "disable_api_stop": false,
            "disable_api_termination": false,
            "ebs_block_device": [],
            "ebs_optimized": false,
            "enable_primary_ipv6": null,
            "enclave_options": [
              {
                "enabled": false
              }
            ],
            "ephemeral_block_device": [],
            "force_destroy": false,
            "get_password_data": false,
            "hibernation": false,
            "host_id": "",
            "host_resource_group_arn": null,
            "iam_instance_profile": "",
            "id": "i-0f4de65e4db8f7be3",
            "instance_initiated_shutdown_behavior": "stop",
            "instance_lifecycle": "",
            "instance_market_options": [],
            "instance_state": "running",
            "instance_type": "t4g.micro",
            "ipv6_address_count": 0,
            "ipv6_addresses": [],
            "key_name": "PFDevAdmin",
            "launch_template": [],
            "maintenance_options": [
              {
                "auto_recovery": "default"
              }
            ],
            "metadata_options": [
              {
                "http_endpoint": "enabled",
                "http_protocol_ipv6": "disabled",
                "http_put_response_hop_limit": 2,
                "http_tokens": "required",
                "instance_metadata_tags": "disabled"
              }
            ],
            "monitoring": false,
            "network_interface": [],
            "outpost_arn": "",
            "password_data": "",
            "placement_group": "",
            "placement_group_id": "",
            "placement_partition_number": 0,
            "primary_network_interface": [
              {
                "delete_on_termination": true,
                "network_interface_id": "eni-075def318405bab9e"
              }
            ],
            "primary_network_interface_id": "eni-075def318405bab9e",
            "private_dns": "ip-10-0-100-28.eu-west-2.compute.internal",
            "private_dns_name_options": [
              {
                "enable_resource_name_dns_a_record": false,
                "enable_resource_name_dns_aaaa_record": false,
                "hostname_type": "ip-name"
              }
            ],
            "private_ip": "10.0.100.28",
            "public_dns": "",
            "public_ip": "35.177.158.69",
            "region": "eu-west-2",
            "root_block_device": [
              {
                "delete_on_termination": true,
                "device_name": "/dev/xvda",
                "encrypted": false,
                "iops": 3000,
                "kms_key_id": "",
                "tags": {},
                "tags_all": {},
                "throughput": 125,
                "volume_id": "vol-0de01a10e9d4a6e96",
                "volume_size": 8,
                "volume_type": "gp3"
              }
            ],
            "secondary_network_interface": [],
            "secondary_private_ips": [],
            "security_groups": [],
            "source_dest_check": true,
            "spot_instance_request_id": "",
            "subnet_id": "subnet-03b693c8b36febc2b",
            "tags": {
              "Name": "postgres-bootstrap"
            },
            "tags_all": {
              "Name": "postgres-bootstrap"
            },
            "tenancy": "default",
            "timeouts": null,
            "user_data": "#!/bin/bash\n\nset -euxo pipefail\nexec \u003e \u003e(tee /var/log/bootstrap.log)\nexec 2\u003e\u00261\n\nyum update -y\n\ndnf install -y \\\n    postgresql18.aarch64 \\\n    unzip \\\n    git \\\n    jq \\\n    curl\n\ndnf install -y yum-utils\nyum-config-manager --add-repo https://rpm.releases.hashicorp.com/AmazonLinux/hashicorp.repo\ndnf install -y terraform\n\nmkdir -p /tmp/dvdrental\n\ncd /tmp/dvdrental\n\ncurl -L -o dvdrental.zip https://neon.tech/postgresqltutorial/dvdrental.zip\n\nunzip -o dvdrental.zip\n\nexport PGPASSWORD=\"Super$ecretPassw0rd\"\n\npsql \\\n  -h aurora-source.cluster-cjwgq0wq2ukk.eu-west-2.rds.amazonaws.com \\\n  -U postgres \\\n  -d dvdrental \\\n  -c \"CREATE ROLE postgres LOGIN PASSWORD 'Super$ecretPassw0rd';\"\n\npsql \\\n  -h aurora-source.cluster-cjwgq0wq2ukk.eu-west-2.rds.amazonaws.com \\\n  -U postgres \\\n  -d dvdrental \\\n  -c \"GRANT rds_replication TO postgres;\"\n\npsql \\\n  -h aurora-source.cluster-cjwgq0wq2ukk.eu-west-2.rds.amazonaws.com \\\n  -U postgres \\\n  -d dvdrental \\\n  -c \"GRANT CONNECT ON DATABASE dvdrental TO postgres;\"\n\npg_restore \\\n  --host=aurora-source.cluster-cjwgq0wq2ukk.eu-west-2.rds.amazonaws.com \\\n  --port=5432 \\\n  --username=postgres \\\n  --dbname=dvdrental \\\n  --verbose \\\n  dvdrental.tar",
            "user_data_base64": null,
            "user_data_replace_on_change": false,
            "volume_tags": null,
            "vpc_security_group_ids": [
              "sg-0749d2578d88b84d0"
            ]
          },
          "sensitive_attributes": [
            [
              {
                "type": "get_attr",
                "value": "user_data"
              }
            ]
          ],
          "identity_schema_version": 0,
          "identity": {
            "account_id": "851459781336",
            "id": "i-0f4de65e4db8f7be3",
            "region": "eu-west-2"
          },
          "private": "eyJlMmJmYjczMC1lY2FhLTExZTYtOGY4OC0zNDM2M2JjN2M0YzAiOnsiY3JlYXRlIjo2MDAwMDAwMDAwMDAsImRlbGV0ZSI6MTIwMDAwMDAwMDAwMCwicmVhZCI6OTAwMDAwMDAwMDAwLCJ1cGRhdGUiOjYwMDAwMDAwMDAwMH0sInNjaGVtYV92ZXJzaW9uIjoiMiJ9",
          "dependencies": [
            "module.dms.aws_security_group.bootstrap",
            "module.source_account.aws_db_subnet_group.source",
            "module.source_account.aws_rds_cluster.source",
            "module.source_account.aws_security_group.source_db",
            "module.vpc.aws_subnet.source_private_a",
            "module.vpc.aws_subnet.source_private_b",
            "module.vpc.aws_subnet.source_public_a",
            "module.vpc.aws_vpc.source"
          ]
        }
      ]
    },
    {
      "module": "module.dms",
      "mode": "managed",
      "type": "aws_secretsmanager_secret",
      "name": "aurora_password",
      "provider": "provider[\"registry.terraform.io/hashicorp/aws\"].source",
      "instances": [
        {
          "schema_version": 0,
          "attributes": {
            "arn": "arn:aws:secretsmanager:eu-west-2:851459781336:secret:aurora-master-password-dpmdzs",
            "description": "",
            "force_overwrite_replica_secret": false,
            "id": "arn:aws:secretsmanager:eu-west-2:851459781336:secret:aurora-master-password-dpmdzs",
            "kms_key_id": "",
            "name": "aurora-master-password",
            "name_prefix": "",
            "policy": "",
            "recovery_window_in_days": 30,
            "region": "eu-west-2",
            "replica": [],
            "tags": {},
            "tags_all": {},
            "type": ""
          },
          "sensitive_attributes": [],
          "identity_schema_version": 0,
          "identity": {
            "arn": "arn:aws:secretsmanager:eu-west-2:851459781336:secret:aurora-master-password-dpmdzs"
          },
          "private": "bnVsbA=="
        }
      ]
    },
    {
      "module": "module.dms",
      "mode": "managed",
      "type": "aws_secretsmanager_secret_version",
      "name": "aurora_password",
      "provider": "provider[\"registry.terraform.io/hashicorp/aws\"].source",
      "instances": [
        {
          "schema_version": 0,
          "attributes": {
            "arn": "arn:aws:secretsmanager:eu-west-2:851459781336:secret:aurora-master-password-dpmdzs",
            "has_secret_string_wo": null,
            "id": "arn:aws:secretsmanager:eu-west-2:851459781336:secret:aurora-master-password-dpmdzs|terraform-IItDqn866d8xUDRUpfVFUSpnau",
            "region": "eu-west-2",
            "secret_arn": "arn:aws:secretsmanager:eu-west-2:851459781336:secret:aurora-master-password-dpmdzs",
            "secret_binary": "",
            "secret_id": "arn:aws:secretsmanager:eu-west-2:851459781336:secret:aurora-master-password-dpmdzs",
            "secret_string": "{\"password\":\"Super$ecretPassw0rd\",\"username\":\"postgres\"}",
            "secret_string_wo": null,
            "secret_string_wo_version": null,
            "version_id": "terraform-IItDqn866d8xUDRUpfVFUSpnau",
            "version_stages": [
              "AWSCURRENT"
            ]
          },
          "sensitive_attributes": [
            [
              {
                "type": "get_attr",
                "value": "secret_binary"
              }
            ],
            [
              {
                "type": "get_attr",
                "value": "secret_string"
              }
            ],
            [
              {
                "type": "get_attr",
                "value": "secret_string_wo"
              }
            ]
          ],
          "identity_schema_version": 0,
          "identity": {
            "account_id": "851459781336",
            "region": "eu-west-2",
            "secret_id": "arn:aws:secretsmanager:eu-west-2:851459781336:secret:aurora-master-password-dpmdzs",
            "version_id": "terraform-IItDqn866d8xUDRUpfVFUSpnau"
          },
          "private": "bnVsbA==",
          "dependencies": [
            "module.dms.aws_secretsmanager_secret.aurora_password"
          ]
        }
      ]
    },
    {
      "module": "module.dms",
      "mode": "managed",
      "type": "aws_security_group",
      "name": "bootstrap",
      "provider": "provider[\"registry.terraform.io/hashicorp/aws\"].source",
      "instances": [
        {
          "schema_version": 1,
          "attributes": {
            "arn": "arn:aws:ec2:eu-west-2:851459781336:security-group/sg-0749d2578d88b84d0",
            "description": "Managed by Terraform",
            "egress": [
              {
                "cidr_blocks": [
                  "0.0.0.0/0"
                ],
                "description": "",
                "from_port": 0,
                "ipv6_cidr_blocks": [],
                "prefix_list_ids": [],
                "protocol": "-1",
                "security_groups": [],
                "self": false,
                "to_port": 0
              }
            ],
            "id": "sg-0749d2578d88b84d0",
            "ingress": [
              {
                "cidr_blocks": [
                  "217.38.8.142/32"
                ],
                "description": "SSH from home",
                "from_port": 22,
                "ipv6_cidr_blocks": [],
                "prefix_list_ids": [],
                "protocol": "tcp",
                "security_groups": [],
                "self": false,
                "to_port": 22
              }
            ],
            "name": "postgres-bootstrap",
            "name_prefix": "",
            "owner_id": "851459781336",
            "region": "eu-west-2",
            "revoke_rules_on_delete": false,
            "tags": {},
            "tags_all": {},
            "timeouts": null,
            "vpc_id": "vpc-00aed2d76a205edf2"
          },
          "sensitive_attributes": [],
          "identity_schema_version": 0,
          "identity": {
            "account_id": "851459781336",
            "id": "sg-0749d2578d88b84d0",
            "region": "eu-west-2"
          },
          "private": "eyJlMmJmYjczMC1lY2FhLTExZTYtOGY4OC0zNDM2M2JjN2M0YzAiOnsiY3JlYXRlIjo2MDAwMDAwMDAwMDAsImRlbGV0ZSI6OTAwMDAwMDAwMDAwfSwic2NoZW1hX3ZlcnNpb24iOiIxIn0=",
          "dependencies": [
            "module.vpc.aws_vpc.source"
          ]
        }
      ]
    },
    {
      "module": "module.dms",
      "mode": "managed",
      "type": "aws_security_group_rule",
      "name": "aurora_from_bootstrap",
      "provider": "provider[\"registry.terraform.io/hashicorp/aws\"].source",
      "instances": [
        {
          "schema_version": 2,
          "attributes": {
            "cidr_blocks": null,
            "description": null,
            "from_port": 5432,
            "id": "sgrule-307983772",
            "ipv6_cidr_blocks": null,
            "prefix_list_ids": null,
            "protocol": "tcp",
            "region": "eu-west-2",
            "security_group_id": "sg-0b743631ebb851c03",
            "security_group_rule_id": "sgr-0cf8ec571deaba400",
            "self": false,
            "source_security_group_id": "sg-0749d2578d88b84d0",
            "timeouts": null,
            "to_port": 5432,
            "type": "ingress"
          },
          "sensitive_attributes": [],
          "identity_schema_version": 0,
          "private": "eyJlMmJmYjczMC1lY2FhLTExZTYtOGY4OC0zNDM2M2JjN2M0YzAiOnsiY3JlYXRlIjozMDAwMDAwMDAwMDB9LCJzY2hlbWFfdmVyc2lvbiI6IjIifQ==",
          "dependencies": [
            "module.dms.aws_security_group.bootstrap",
            "module.source_account.aws_security_group.source_db",
            "module.vpc.aws_vpc.source"
          ]
        }
      ]
    },
    {
      "module": "module.source_account",
      "mode": "managed",
      "type": "aws_db_subnet_group",
      "name": "source",
      "provider": "provider[\"registry.terraform.io/hashicorp/aws\"].source",
      "instances": [
        {
          "schema_version": 0,
          "attributes": {
            "arn": "arn:aws:rds:eu-west-2:851459781336:subgrp:source-subnet-group",
            "description": "Managed by Terraform",
            "id": "source-subnet-group",
            "name": "source-subnet-group",
            "name_prefix": "",
            "region": "eu-west-2",
            "subnet_ids": [
              "subnet-049da3e653ec029f9",
              "subnet-0c28a6aa0877e67a4"
            ],
            "supported_network_types": [
              "IPV4"
            ],
            "tags": {},
            "tags_all": {},
            "vpc_id": "vpc-00aed2d76a205edf2"
          },
          "sensitive_attributes": [],
          "identity_schema_version": 0,
          "identity": {
            "account_id": "851459781336",
            "name": "source-subnet-group",
            "region": "eu-west-2"
          },
          "private": "bnVsbA==",
          "dependencies": [
            "module.vpc.aws_subnet.source_private_a",
            "module.vpc.aws_subnet.source_private_b",
            "module.vpc.aws_vpc.source"
          ]
        }
      ]
    },
    {
      "module": "module.source_account",
      "mode": "managed",
      "type": "aws_rds_cluster",
      "name": "source",
      "provider": "provider[\"registry.terraform.io/hashicorp/aws\"].source",
      "instances": [
        {
          "schema_version": 1,
          "attributes": {
            "allocated_storage": 1,
            "allow_major_version_upgrade": null,
            "apply_immediately": null,
            "arn": "arn:aws:rds:eu-west-2:851459781336:cluster:aurora-source",
            "auto_minor_version_upgrade": true,
            "availability_zones": [
              "eu-west-2a",
              "eu-west-2b",
              "eu-west-2c"
            ],
            "backtrack_window": 0,
            "backup_retention_period": 1,
            "ca_certificate_identifier": null,
            "ca_certificate_valid_till": null,
            "cluster_identifier": "aurora-source",
            "cluster_identifier_prefix": "",
            "cluster_members": [
              "aurora-source-writer"
            ],
            "cluster_resource_id": "cluster-5T4YIOWKE7WQPAOSLHQI2DLTUI",
            "cluster_scalability_type": "",
            "copy_tags_to_snapshot": false,
            "database_insights_mode": "standard",
            "database_name": "dvdrental",
            "db_cluster_instance_class": "",
            "db_cluster_parameter_group_name": "default.aurora-postgresql17",
            "db_instance_parameter_group_name": null,
            "db_subnet_group_name": "source-subnet-group",
            "db_system_id": "",
            "delete_automated_backups": true,
            "deletion_protection": false,
            "domain": "",
            "domain_iam_role_name": "",
            "enable_global_write_forwarding": false,
            "enable_http_endpoint": false,
            "enable_local_write_forwarding": false,
            "enabled_cloudwatch_logs_exports": [],
            "endpoint": "aurora-source.cluster-cjwgq0wq2ukk.eu-west-2.rds.amazonaws.com",
            "engine": "aurora-postgresql",
            "engine_lifecycle_support": "open-source-rds-extended-support",
            "engine_mode": "provisioned",
            "engine_version": "17.4",
            "engine_version_actual": "17.4",
            "final_snapshot_identifier": null,
            "global_cluster_identifier": "",
            "hosted_zone_id": "Z1TTGA775OQIYO",
            "iam_database_authentication_enabled": false,
            "iam_roles": [],
            "id": "aurora-source",
            "iops": 0,
            "kms_key_id": "",
            "manage_master_user_password": null,
            "master_password": "Super$ecretPassw0rd",
            "master_password_wo": null,
            "master_password_wo_version": null,
            "master_user_secret": [],
            "master_user_secret_kms_key_id": null,
            "master_username": "postgres",
            "monitoring_interval": 0,
            "monitoring_role_arn": "",
            "network_type": "IPV4",
            "performance_insights_enabled": false,
            "performance_insights_kms_key_id": "",
            "performance_insights_retention_period": 0,
            "port": 5432,
            "preferred_backup_window": "04:00-04:30",
            "preferred_maintenance_window": "wed:00:42-wed:01:12",
            "reader_endpoint": "aurora-source.cluster-ro-cjwgq0wq2ukk.eu-west-2.rds.amazonaws.com",
            "region": "eu-west-2",
            "replication_source_identifier": "",
            "restore_to_point_in_time": [],
            "s3_import": [],
            "scaling_configuration": [],
            "serverlessv2_scaling_configuration": [],
            "skip_final_snapshot": true,
            "snapshot_identifier": null,
            "source_region": null,
            "storage_encrypted": false,
            "storage_type": "",
            "tags": {},
            "tags_all": {},
            "timeouts": null,
            "upgrade_rollout_order": "second",
            "vpc_security_group_ids": [
              "sg-0b743631ebb851c03"
            ]
          },
          "sensitive_attributes": [
            [
              {
                "type": "get_attr",
                "value": "master_password"
              }
            ],
            [
              {
                "type": "get_attr",
                "value": "master_password_wo"
              }
            ]
          ],
          "identity_schema_version": 0,
          "identity": {
            "account_id": "851459781336",
            "cluster_identifier": "aurora-source",
            "region": "eu-west-2"
          },
          "private": "eyJlMmJmYjczMC1lY2FhLTExZTYtOGY4OC0zNDM2M2JjN2M0YzAiOnsiY3JlYXRlIjo3MjAwMDAwMDAwMDAwLCJkZWxldGUiOjcyMDAwMDAwMDAwMDAsInVwZGF0ZSI6NzIwMDAwMDAwMDAwMH0sInNjaGVtYV92ZXJzaW9uIjoiMSJ9",
          "dependencies": [
            "module.source_account.aws_db_subnet_group.source",
            "module.source_account.aws_security_group.source_db",
            "module.vpc.aws_subnet.source_private_a",
            "module.vpc.aws_subnet.source_private_b",
            "module.vpc.aws_vpc.source"
          ]
        }
      ]
    },
    {
      "module": "module.source_account",
      "mode": "managed",
      "type": "aws_rds_cluster_instance",
      "name": "source_writer",
      "provider": "provider[\"registry.terraform.io/hashicorp/aws\"].source",
      "instances": [
        {
          "schema_version": 0,
          "attributes": {
            "apply_immediately": null,
            "arn": "arn:aws:rds:eu-west-2:851459781336:db:aurora-source-writer",
            "auto_minor_version_upgrade": true,
            "availability_zone": "eu-west-2b",
            "ca_cert_identifier": "rds-ca-rsa2048-g1",
            "cluster_identifier": "aurora-source",
            "copy_tags_to_snapshot": false,
            "custom_iam_instance_profile": "",
            "db_parameter_group_name": "default.aurora-postgresql17",
            "db_subnet_group_name": "source-subnet-group",
            "dbi_resource_id": "db-TVYQPDPEC65GS3FDEBGSXVVC3Q",
            "endpoint": "aurora-source-writer.cjwgq0wq2ukk.eu-west-2.rds.amazonaws.com",
            "engine": "aurora-postgresql",
            "engine_version": "17.4",
            "engine_version_actual": "17.4",
            "force_destroy": false,
            "id": "aurora-source-writer",
            "identifier": "aurora-source-writer",
            "identifier_prefix": "",
            "instance_class": "db.t3.medium",
            "kms_key_id": "",
            "monitoring_interval": 0,
            "monitoring_role_arn": "",
            "network_type": "IPV4",
            "performance_insights_enabled": false,
            "performance_insights_kms_key_id": "",
            "performance_insights_retention_period": 0,
            "port": 5432,
            "preferred_backup_window": "04:00-04:30",
            "preferred_maintenance_window": "thu:04:46-thu:05:16",
            "promotion_tier": 0,
            "publicly_accessible": false,
            "region": "eu-west-2",
            "storage_encrypted": false,
            "tags": {},
            "tags_all": {},
            "timeouts": null,
            "writer": true
          },
          "sensitive_attributes": [],
          "identity_schema_version": 0,
          "private": "eyJlMmJmYjczMC1lY2FhLTExZTYtOGY4OC0zNDM2M2JjN2M0YzAiOnsiY3JlYXRlIjo1NDAwMDAwMDAwMDAwLCJkZWxldGUiOjU0MDAwMDAwMDAwMDAsInVwZGF0ZSI6NTQwMDAwMDAwMDAwMH19",
          "dependencies": [
            "module.source_account.aws_db_subnet_group.source",
            "module.source_account.aws_rds_cluster.source",
            "module.source_account.aws_security_group.source_db",
            "module.vpc.aws_subnet.source_private_a",
            "module.vpc.aws_subnet.source_private_b",
            "module.vpc.aws_vpc.source"
          ]
        }
      ]
    },
    {
      "module": "module.source_account",
      "mode": "managed",
      "type": "aws_rds_cluster_parameter_group",
      "name": "source_pg",
      "provider": "provider[\"registry.terraform.io/hashicorp/aws\"].source",
      "instances": [
        {
          "schema_version": 0,
          "attributes": {
            "arn": "arn:aws:rds:eu-west-2:851459781336:cluster-pg:aurora-source-pg",
            "description": "Managed by Terraform",
            "family": "aurora-postgresql17",
            "id": "aurora-source-pg",
            "name": "aurora-source-pg",
            "name_prefix": "",
            "parameter": [
              {
                "apply_method": "pending-reboot",
                "name": "rds.logical_replication",
                "value": "1"
              },
              {
                "apply_method": "pending-reboot",
                "name": "wal_sender_timeout",
                "value": "0"
              }
            ],
            "region": "eu-west-2",
            "tags": {},
            "tags_all": {}
          },
          "sensitive_attributes": [],
          "identity_schema_version": 0,
          "private": "bnVsbA=="
        }
      ]
    },
    {
      "module": "module.source_account",
      "mode": "managed",
      "type": "aws_security_group",
      "name": "source_db",
      "provider": "provider[\"registry.terraform.io/hashicorp/aws\"].source",
      "instances": [
        {
          "schema_version": 1,
          "attributes": {
            "arn": "arn:aws:ec2:eu-west-2:851459781336:security-group/sg-0b743631ebb851c03",
            "description": "Managed by Terraform",
            "egress": [
              {
                "cidr_blocks": [
                  "0.0.0.0/0"
                ],
                "description": "",
                "from_port": 0,
                "ipv6_cidr_blocks": [],
                "prefix_list_ids": [],
                "protocol": "-1",
                "security_groups": [],
                "self": false,
                "to_port": 0
              }
            ],
            "id": "sg-0b743631ebb851c03",
            "ingress": [
              {
                "cidr_blocks": [],
                "description": "",
                "from_port": 5432,
                "ipv6_cidr_blocks": [],
                "prefix_list_ids": [],
                "protocol": "tcp",
                "security_groups": [
                  "sg-0749d2578d88b84d0"
                ],
                "self": false,
                "to_port": 5432
              }
            ],
            "name": "source-db-sg",
            "name_prefix": "",
            "owner_id": "851459781336",
            "region": "eu-west-2",
            "revoke_rules_on_delete": false,
            "tags": {},
            "tags_all": {},
            "timeouts": null,
            "vpc_id": "vpc-00aed2d76a205edf2"
          },
          "sensitive_attributes": [],
          "identity_schema_version": 0,
          "identity": {
            "account_id": "851459781336",
            "id": "sg-0b743631ebb851c03",
            "region": "eu-west-2"
          },
          "private": "eyJlMmJmYjczMC1lY2FhLTExZTYtOGY4OC0zNDM2M2JjN2M0YzAiOnsiY3JlYXRlIjo2MDAwMDAwMDAwMDAsImRlbGV0ZSI6OTAwMDAwMDAwMDAwfSwic2NoZW1hX3ZlcnNpb24iOiIxIn0=",
          "dependencies": [
            "module.vpc.aws_vpc.source"
          ]
        }
      ]
    },
    {
      "module": "module.target_account",
      "mode": "managed",
      "type": "aws_db_subnet_group",
      "name": "target",
      "provider": "provider[\"registry.terraform.io/hashicorp/aws\"].target",
      "instances": [
        {
          "schema_version": 0,
          "attributes": {
            "arn": "arn:aws:rds:eu-west-2:009831754594:subgrp:target-subnet-group",
            "description": "Managed by Terraform",
            "id": "target-subnet-group",
            "name": "target-subnet-group",
            "name_prefix": "",
            "region": "eu-west-2",
            "subnet_ids": [
              "subnet-0bbc1c1e762897896",
              "subnet-0de6f421cbdd24066"
            ],
            "supported_network_types": [
              "IPV4"
            ],
            "tags": {},
            "tags_all": {},
            "vpc_id": "vpc-00f79b98915e1f0ea"
          },
          "sensitive_attributes": [],
          "identity_schema_version": 0,
          "identity": {
            "account_id": "009831754594",
            "name": "target-subnet-group",
            "region": "eu-west-2"
          },
          "private": "bnVsbA==",
          "dependencies": [
            "module.vpc.aws_subnet.target_private_a",
            "module.vpc.aws_subnet.target_private_b",
            "module.vpc.aws_vpc.target"
          ]
        }
      ]
    },
    {
      "module": "module.target_account",
      "mode": "managed",
      "type": "aws_rds_cluster",
      "name": "target",
      "provider": "provider[\"registry.terraform.io/hashicorp/aws\"].target",
      "instances": [
        {
          "schema_version": 1,
          "attributes": {
            "allocated_storage": 1,
            "allow_major_version_upgrade": null,
            "apply_immediately": null,
            "arn": "arn:aws:rds:eu-west-2:009831754594:cluster:aurora-target",
            "auto_minor_version_upgrade": true,
            "availability_zones": [
              "eu-west-2a",
              "eu-west-2b",
              "eu-west-2c"
            ],
            "backtrack_window": 0,
            "backup_retention_period": 1,
            "ca_certificate_identifier": null,
            "ca_certificate_valid_till": null,
            "cluster_identifier": "aurora-target",
            "cluster_identifier_prefix": "",
            "cluster_members": [
              "aurora-target-writer"
            ],
            "cluster_resource_id": "cluster-OFIYGUB2YEYV2BTBJTWU3TG5TM",
            "cluster_scalability_type": "",
            "copy_tags_to_snapshot": false,
            "database_insights_mode": "standard",
            "database_name": "dvdrental_replica",
            "db_cluster_instance_class": "",
            "db_cluster_parameter_group_name": "default.aurora-postgresql17",
            "db_instance_parameter_group_name": null,
            "db_subnet_group_name": "target-subnet-group",
            "db_system_id": "",
            "delete_automated_backups": true,
            "deletion_protection": false,
            "domain": "",
            "domain_iam_role_name": "",
            "enable_global_write_forwarding": false,
            "enable_http_endpoint": false,
            "enable_local_write_forwarding": false,
            "enabled_cloudwatch_logs_exports": [],
            "endpoint": "aurora-target.cluster-c60ajralrgrs.eu-west-2.rds.amazonaws.com",
            "engine": "aurora-postgresql",
            "engine_lifecycle_support": "open-source-rds-extended-support",
            "engine_mode": "provisioned",
            "engine_version": "17.4",
            "engine_version_actual": "17.4",
            "final_snapshot_identifier": null,
            "global_cluster_identifier": "",
            "hosted_zone_id": "Z1TTGA775OQIYO",
            "iam_database_authentication_enabled": false,
            "iam_roles": [],
            "id": "aurora-target",
            "iops": 0,
            "kms_key_id": "",
            "manage_master_user_password": null,
            "master_password": "Super$ecretPassw0rd",
            "master_password_wo": null,
            "master_password_wo_version": null,
            "master_user_secret": [],
            "master_user_secret_kms_key_id": null,
            "master_username": "postgres",
            "monitoring_interval": 0,
            "monitoring_role_arn": "",
            "network_type": "IPV4",
            "performance_insights_enabled": false,
            "performance_insights_kms_key_id": "",
            "performance_insights_retention_period": 0,
            "port": 5432,
            "preferred_backup_window": "02:29-02:59",
            "preferred_maintenance_window": "mon:00:28-mon:00:58",
            "reader_endpoint": "aurora-target.cluster-ro-c60ajralrgrs.eu-west-2.rds.amazonaws.com",
            "region": "eu-west-2",
            "replication_source_identifier": "",
            "restore_to_point_in_time": [],
            "s3_import": [],
            "scaling_configuration": [],
            "serverlessv2_scaling_configuration": [],
            "skip_final_snapshot": true,
            "snapshot_identifier": null,
            "source_region": null,
            "storage_encrypted": false,
            "storage_type": "",
            "tags": {},
            "tags_all": {},
            "timeouts": null,
            "upgrade_rollout_order": "second",
            "vpc_security_group_ids": [
              "sg-0f5565c4e8638efa6"
            ]
          },
          "sensitive_attributes": [
            [
              {
                "type": "get_attr",
                "value": "master_password"
              }
            ],
            [
              {
                "type": "get_attr",
                "value": "master_password_wo"
              }
            ]
          ],
          "identity_schema_version": 0,
          "identity": {
            "account_id": "009831754594",
            "cluster_identifier": "aurora-target",
            "region": "eu-west-2"
          },
          "private": "eyJlMmJmYjczMC1lY2FhLTExZTYtOGY4OC0zNDM2M2JjN2M0YzAiOnsiY3JlYXRlIjo3MjAwMDAwMDAwMDAwLCJkZWxldGUiOjcyMDAwMDAwMDAwMDAsInVwZGF0ZSI6NzIwMDAwMDAwMDAwMH0sInNjaGVtYV92ZXJzaW9uIjoiMSJ9",
          "dependencies": [
            "module.target_account.aws_db_subnet_group.target",
            "module.target_account.aws_security_group.target_db",
            "module.vpc.aws_subnet.target_private_a",
            "module.vpc.aws_subnet.target_private_b",
            "module.vpc.aws_vpc.target"
          ]
        }
      ]
    },
    {
      "module": "module.target_account",
      "mode": "managed",
      "type": "aws_rds_cluster_instance",
      "name": "target_writer",
      "provider": "provider[\"registry.terraform.io/hashicorp/aws\"].target",
      "instances": [
        {
          "schema_version": 0,
          "attributes": {
            "apply_immediately": null,
            "arn": "arn:aws:rds:eu-west-2:009831754594:db:aurora-target-writer",
            "auto_minor_version_upgrade": true,
            "availability_zone": "eu-west-2b",
            "ca_cert_identifier": "rds-ca-rsa2048-g1",
            "cluster_identifier": "aurora-target",
            "copy_tags_to_snapshot": false,
            "custom_iam_instance_profile": "",
            "db_parameter_group_name": "default.aurora-postgresql17",
            "db_subnet_group_name": "target-subnet-group",
            "dbi_resource_id": "db-EWHOZ5NSITXN3CPT3FPHVTCU54",
            "endpoint": "aurora-target-writer.c60ajralrgrs.eu-west-2.rds.amazonaws.com",
            "engine": "aurora-postgresql",
            "engine_version": "17.4",
            "engine_version_actual": "17.4",
            "force_destroy": false,
            "id": "aurora-target-writer",
            "identifier": "aurora-target-writer",
            "identifier_prefix": "",
            "instance_class": "db.t3.medium",
            "kms_key_id": "",
            "monitoring_interval": 0,
            "monitoring_role_arn": "",
            "network_type": "IPV4",
            "performance_insights_enabled": false,
            "performance_insights_kms_key_id": "",
            "performance_insights_retention_period": 0,
            "port": 5432,
            "preferred_backup_window": "02:29-02:59",
            "preferred_maintenance_window": "mon:23:14-mon:23:44",
            "promotion_tier": 0,
            "publicly_accessible": false,
            "region": "eu-west-2",
            "storage_encrypted": false,
            "tags": {},
            "tags_all": {},
            "timeouts": null,
            "writer": true
          },
          "sensitive_attributes": [],
          "identity_schema_version": 0,
          "private": "eyJlMmJmYjczMC1lY2FhLTExZTYtOGY4OC0zNDM2M2JjN2M0YzAiOnsiY3JlYXRlIjo1NDAwMDAwMDAwMDAwLCJkZWxldGUiOjU0MDAwMDAwMDAwMDAsInVwZGF0ZSI6NTQwMDAwMDAwMDAwMH19",
          "dependencies": [
            "module.target_account.aws_db_subnet_group.target",
            "module.target_account.aws_rds_cluster.target",
            "module.target_account.aws_security_group.target_db",
            "module.vpc.aws_subnet.target_private_a",
            "module.vpc.aws_subnet.target_private_b",
            "module.vpc.aws_vpc.target"
          ]
        }
      ]
    },
    {
      "module": "module.target_account",
      "mode": "managed",
      "type": "aws_rds_cluster_parameter_group",
      "name": "target_pg",
      "provider": "provider[\"registry.terraform.io/hashicorp/aws\"].target",
      "instances": [
        {
          "schema_version": 0,
          "attributes": {
            "arn": "arn:aws:rds:eu-west-2:009831754594:cluster-pg:aurora-target-pg",
            "description": "Managed by Terraform",
            "family": "aurora-postgresql17",
            "id": "aurora-target-pg",
            "name": "aurora-target-pg",
            "name_prefix": "",
            "parameter": [
              {
                "apply_method": "pending-reboot",
                "name": "rds.logical_replication",
                "value": "1"
              },
              {
                "apply_method": "pending-reboot",
                "name": "wal_sender_timeout",
                "value": "0"
              }
            ],
            "region": "eu-west-2",
            "tags": {},
            "tags_all": {}
          },
          "sensitive_attributes": [],
          "identity_schema_version": 0,
          "private": "bnVsbA=="
        }
      ]
    },
    {
      "module": "module.target_account",
      "mode": "managed",
      "type": "aws_security_group",
      "name": "target_db",
      "provider": "provider[\"registry.terraform.io/hashicorp/aws\"].target",
      "instances": [
        {
          "schema_version": 1,
          "attributes": {
            "arn": "arn:aws:ec2:eu-west-2:009831754594:security-group/sg-0f5565c4e8638efa6",
            "description": "Managed by Terraform",
            "egress": [
              {
                "cidr_blocks": [
                  "0.0.0.0/0"
                ],
                "description": "",
                "from_port": 0,
                "ipv6_cidr_blocks": [],
                "prefix_list_ids": [],
                "protocol": "-1",
                "security_groups": [],
                "self": false,
                "to_port": 0
              }
            ],
            "id": "sg-0f5565c4e8638efa6",
            "ingress": [],
            "name": "target-db-sg",
            "name_prefix": "",
            "owner_id": "009831754594",
            "region": "eu-west-2",
            "revoke_rules_on_delete": false,
            "tags": {},
            "tags_all": {},
            "timeouts": null,
            "vpc_id": "vpc-00f79b98915e1f0ea"
          },
          "sensitive_attributes": [],
          "identity_schema_version": 0,
          "identity": {
            "account_id": "009831754594",
            "id": "sg-0f5565c4e8638efa6",
            "region": "eu-west-2"
          },
          "private": "eyJlMmJmYjczMC1lY2FhLTExZTYtOGY4OC0zNDM2M2JjN2M0YzAiOnsiY3JlYXRlIjo2MDAwMDAwMDAwMDAsImRlbGV0ZSI6OTAwMDAwMDAwMDAwfSwic2NoZW1hX3ZlcnNpb24iOiIxIn0=",
          "dependencies": [
            "module.vpc.aws_vpc.target"
          ]
        }
      ]
    },
    {
      "module": "module.vpc",
      "mode": "managed",
      "type": "aws_internet_gateway",
      "name": "source",
      "provider": "provider[\"registry.terraform.io/hashicorp/aws\"].source",
      "instances": [
        {
          "schema_version": 0,
          "attributes": {
            "arn": "arn:aws:ec2:eu-west-2:851459781336:internet-gateway/igw-06b7fc535dd5fb744",
            "id": "igw-06b7fc535dd5fb744",
            "owner_id": "851459781336",
            "region": "eu-west-2",
            "tags": {
              "Name": "source-igw"
            },
            "tags_all": {
              "Name": "source-igw"
            },
            "timeouts": null,
            "vpc_id": "vpc-00aed2d76a205edf2"
          },
          "sensitive_attributes": [],
          "identity_schema_version": 0,
          "identity": {
            "account_id": "851459781336",
            "id": "igw-06b7fc535dd5fb744",
            "region": "eu-west-2"
          },
          "private": "eyJlMmJmYjczMC1lY2FhLTExZTYtOGY4OC0zNDM2M2JjN2M0YzAiOnsiY3JlYXRlIjoxMjAwMDAwMDAwMDAwLCJkZWxldGUiOjEyMDAwMDAwMDAwMDAsInVwZGF0ZSI6MTIwMDAwMDAwMDAwMH19",
          "dependencies": [
            "module.vpc.aws_vpc.source"
          ]
        }
      ]
    },
    {
      "module": "module.vpc",
      "mode": "managed",
      "type": "aws_route_table",
      "name": "source_public",
      "provider": "provider[\"registry.terraform.io/hashicorp/aws\"].source",
      "instances": [
        {
          "schema_version": 0,
          "attributes": {
            "arn": "arn:aws:ec2:eu-west-2:851459781336:route-table/rtb-0dc23a6242ce11c83",
            "id": "rtb-0dc23a6242ce11c83",
            "owner_id": "851459781336",
            "propagating_vgws": [],
            "region": "eu-west-2",
            "route": [
              {
                "carrier_gateway_id": "",
                "cidr_block": "0.0.0.0/0",
                "core_network_arn": "",
                "destination_prefix_list_id": "",
                "egress_only_gateway_id": "",
                "gateway_id": "igw-06b7fc535dd5fb744",
                "ipv6_cidr_block": "",
                "local_gateway_id": "",
                "nat_gateway_id": "",
                "network_interface_id": "",
                "odb_network_arn": "",
                "transit_gateway_id": "",
                "vpc_endpoint_id": "",
                "vpc_peering_connection_id": ""
              }
            ],
            "tags": {},
            "tags_all": {},
            "timeouts": null,
            "vpc_id": "vpc-00aed2d76a205edf2"
          },
          "sensitive_attributes": [],
          "identity_schema_version": 0,
          "identity": {
            "account_id": "851459781336",
            "id": "rtb-0dc23a6242ce11c83",
            "region": "eu-west-2"
          },
          "private": "eyJlMmJmYjczMC1lY2FhLTExZTYtOGY4OC0zNDM2M2JjN2M0YzAiOnsiY3JlYXRlIjozMDAwMDAwMDAwMDAsImRlbGV0ZSI6MzAwMDAwMDAwMDAwLCJ1cGRhdGUiOjEyMDAwMDAwMDAwMH19",
          "dependencies": [
            "module.vpc.aws_internet_gateway.source",
            "module.vpc.aws_vpc.source"
          ]
        }
      ]
    },
    {
      "module": "module.vpc",
      "mode": "managed",
      "type": "aws_route_table_association",
      "name": "source_public_a",
      "provider": "provider[\"registry.terraform.io/hashicorp/aws\"].source",
      "instances": [
        {
          "schema_version": 0,
          "attributes": {
            "gateway_id": "",
            "id": "rtbassoc-0e6a4da6023ddae5d",
            "region": "eu-west-2",
            "route_table_id": "rtb-0dc23a6242ce11c83",
            "subnet_id": "subnet-03b693c8b36febc2b",
            "timeouts": null
          },
          "sensitive_attributes": [],
          "identity_schema_version": 0,
          "identity": {
            "account_id": "851459781336",
            "id": "rtbassoc-0e6a4da6023ddae5d",
            "region": "eu-west-2"
          },
          "private": "eyJlMmJmYjczMC1lY2FhLTExZTYtOGY4OC0zNDM2M2JjN2M0YzAiOnsiY3JlYXRlIjozMDAwMDAwMDAwMDAsImRlbGV0ZSI6MzAwMDAwMDAwMDAwLCJ1cGRhdGUiOjEyMDAwMDAwMDAwMH19",
          "dependencies": [
            "module.vpc.aws_internet_gateway.source",
            "module.vpc.aws_route_table.source_public",
            "module.vpc.aws_subnet.source_public_a",
            "module.vpc.aws_vpc.source"
          ]
        }
      ]
    },
    {
      "module": "module.vpc",
      "mode": "managed",
      "type": "aws_subnet",
      "name": "source_private_a",
      "provider": "provider[\"registry.terraform.io/hashicorp/aws\"].source",
      "instances": [
        {
          "schema_version": 1,
          "attributes": {
            "arn": "arn:aws:ec2:eu-west-2:851459781336:subnet/subnet-049da3e653ec029f9",
            "assign_ipv6_address_on_creation": false,
            "availability_zone": "eu-west-2a",
            "availability_zone_id": "euw2-az2",
            "cidr_block": "10.0.1.0/24",
            "customer_owned_ipv4_pool": "",
            "enable_dns64": false,
            "enable_lni_at_device_index": 0,
            "enable_resource_name_dns_a_record_on_launch": false,
            "enable_resource_name_dns_aaaa_record_on_launch": false,
            "id": "subnet-049da3e653ec029f9",
            "ipv4_ipam_pool_id": null,
            "ipv4_netmask_length": null,
            "ipv6_cidr_block": "",
            "ipv6_cidr_block_association_id": "",
            "ipv6_ipam_pool_id": null,
            "ipv6_native": false,
            "ipv6_netmask_length": null,
            "map_customer_owned_ip_on_launch": false,
            "map_public_ip_on_launch": false,
            "outpost_arn": "",
            "owner_id": "851459781336",
            "private_dns_hostname_type_on_launch": "ip-name",
            "region": "eu-west-2",
            "tags": {
              "Name": "source-private-a"
            },
            "tags_all": {
              "Name": "source-private-a"
            },
            "timeouts": null,
            "vpc_id": "vpc-00aed2d76a205edf2"
          },
          "sensitive_attributes": [],
          "identity_schema_version": 0,
          "identity": {
            "account_id": "851459781336",
            "id": "subnet-049da3e653ec029f9",
            "region": "eu-west-2"
          },
          "private": "eyJlMmJmYjczMC1lY2FhLTExZTYtOGY4OC0zNDM2M2JjN2M0YzAiOnsiY3JlYXRlIjo2MDAwMDAwMDAwMDAsImRlbGV0ZSI6MTIwMDAwMDAwMDAwMH0sInNjaGVtYV92ZXJzaW9uIjoiMSJ9",
          "dependencies": [
            "module.vpc.aws_vpc.source"
          ]
        }
      ]
    },
    {
      "module": "module.vpc",
      "mode": "managed",
      "type": "aws_subnet",
      "name": "source_private_b",
      "provider": "provider[\"registry.terraform.io/hashicorp/aws\"].source",
      "instances": [
        {
          "schema_version": 1,
          "attributes": {
            "arn": "arn:aws:ec2:eu-west-2:851459781336:subnet/subnet-0c28a6aa0877e67a4",
            "assign_ipv6_address_on_creation": false,
            "availability_zone": "eu-west-2b",
            "availability_zone_id": "euw2-az3",
            "cidr_block": "10.0.2.0/24",
            "customer_owned_ipv4_pool": "",
            "enable_dns64": false,
            "enable_lni_at_device_index": 0,
            "enable_resource_name_dns_a_record_on_launch": false,
            "enable_resource_name_dns_aaaa_record_on_launch": false,
            "id": "subnet-0c28a6aa0877e67a4",
            "ipv4_ipam_pool_id": null,
            "ipv4_netmask_length": null,
            "ipv6_cidr_block": "",
            "ipv6_cidr_block_association_id": "",
            "ipv6_ipam_pool_id": null,
            "ipv6_native": false,
            "ipv6_netmask_length": null,
            "map_customer_owned_ip_on_launch": false,
            "map_public_ip_on_launch": false,
            "outpost_arn": "",
            "owner_id": "851459781336",
            "private_dns_hostname_type_on_launch": "ip-name",
            "region": "eu-west-2",
            "tags": {
              "Name": "source-private-b"
            },
            "tags_all": {
              "Name": "source-private-b"
            },
            "timeouts": null,
            "vpc_id": "vpc-00aed2d76a205edf2"
          },
          "sensitive_attributes": [],
          "identity_schema_version": 0,
          "identity": {
            "account_id": "851459781336",
            "id": "subnet-0c28a6aa0877e67a4",
            "region": "eu-west-2"
          },
          "private": "eyJlMmJmYjczMC1lY2FhLTExZTYtOGY4OC0zNDM2M2JjN2M0YzAiOnsiY3JlYXRlIjo2MDAwMDAwMDAwMDAsImRlbGV0ZSI6MTIwMDAwMDAwMDAwMH0sInNjaGVtYV92ZXJzaW9uIjoiMSJ9",
          "dependencies": [
            "module.vpc.aws_vpc.source"
          ]
        }
      ]
    },
    {
      "module": "module.vpc",
      "mode": "managed",
      "type": "aws_subnet",
      "name": "source_public_a",
      "provider": "provider[\"registry.terraform.io/hashicorp/aws\"].source",
      "instances": [
        {
          "schema_version": 1,
          "attributes": {
            "arn": "arn:aws:ec2:eu-west-2:851459781336:subnet/subnet-03b693c8b36febc2b",
            "assign_ipv6_address_on_creation": false,
            "availability_zone": "eu-west-2a",
            "availability_zone_id": "euw2-az2",
            "cidr_block": "10.0.100.0/24",
            "customer_owned_ipv4_pool": "",
            "enable_dns64": false,
            "enable_lni_at_device_index": 0,
            "enable_resource_name_dns_a_record_on_launch": false,
            "enable_resource_name_dns_aaaa_record_on_launch": false,
            "id": "subnet-03b693c8b36febc2b",
            "ipv4_ipam_pool_id": null,
            "ipv4_netmask_length": null,
            "ipv6_cidr_block": "",
            "ipv6_cidr_block_association_id": "",
            "ipv6_ipam_pool_id": null,
            "ipv6_native": false,
            "ipv6_netmask_length": null,
            "map_customer_owned_ip_on_launch": false,
            "map_public_ip_on_launch": true,
            "outpost_arn": "",
            "owner_id": "851459781336",
            "private_dns_hostname_type_on_launch": "ip-name",
            "region": "eu-west-2",
            "tags": {
              "Name": "source-public-a"
            },
            "tags_all": {
              "Name": "source-public-a"
            },
            "timeouts": null,
            "vpc_id": "vpc-00aed2d76a205edf2"
          },
          "sensitive_attributes": [],
          "identity_schema_version": 0,
          "identity": {
            "account_id": "851459781336",
            "id": "subnet-03b693c8b36febc2b",
            "region": "eu-west-2"
          },
          "private": "eyJlMmJmYjczMC1lY2FhLTExZTYtOGY4OC0zNDM2M2JjN2M0YzAiOnsiY3JlYXRlIjo2MDAwMDAwMDAwMDAsImRlbGV0ZSI6MTIwMDAwMDAwMDAwMH0sInNjaGVtYV92ZXJzaW9uIjoiMSJ9",
          "dependencies": [
            "module.vpc.aws_vpc.source"
          ]
        }
      ]
    },
    {
      "module": "module.vpc",
      "mode": "managed",
      "type": "aws_subnet",
      "name": "target_private_a",
      "provider": "provider[\"registry.terraform.io/hashicorp/aws\"].target",
      "instances": [
        {
          "schema_version": 1,
          "attributes": {
            "arn": "arn:aws:ec2:eu-west-2:009831754594:subnet/subnet-0de6f421cbdd24066",
            "assign_ipv6_address_on_creation": false,
            "availability_zone": "eu-west-2a",
            "availability_zone_id": "euw2-az2",
            "cidr_block": "10.1.1.0/24",
            "customer_owned_ipv4_pool": "",
            "enable_dns64": false,
            "enable_lni_at_device_index": 0,
            "enable_resource_name_dns_a_record_on_launch": false,
            "enable_resource_name_dns_aaaa_record_on_launch": false,
            "id": "subnet-0de6f421cbdd24066",
            "ipv4_ipam_pool_id": null,
            "ipv4_netmask_length": null,
            "ipv6_cidr_block": "",
            "ipv6_cidr_block_association_id": "",
            "ipv6_ipam_pool_id": null,
            "ipv6_native": false,
            "ipv6_netmask_length": null,
            "map_customer_owned_ip_on_launch": false,
            "map_public_ip_on_launch": false,
            "outpost_arn": "",
            "owner_id": "009831754594",
            "private_dns_hostname_type_on_launch": "ip-name",
            "region": "eu-west-2",
            "tags": {
              "Name": "target-private-a"
            },
            "tags_all": {
              "Name": "target-private-a"
            },
            "timeouts": null,
            "vpc_id": "vpc-00f79b98915e1f0ea"
          },
          "sensitive_attributes": [],
          "identity_schema_version": 0,
          "identity": {
            "account_id": "009831754594",
            "id": "subnet-0de6f421cbdd24066",
            "region": "eu-west-2"
          },
          "private": "eyJlMmJmYjczMC1lY2FhLTExZTYtOGY4OC0zNDM2M2JjN2M0YzAiOnsiY3JlYXRlIjo2MDAwMDAwMDAwMDAsImRlbGV0ZSI6MTIwMDAwMDAwMDAwMH0sInNjaGVtYV92ZXJzaW9uIjoiMSJ9",
          "dependencies": [
            "module.vpc.aws_vpc.target"
          ]
        }
      ]
    },
    {
      "module": "module.vpc",
      "mode": "managed",
      "type": "aws_subnet",
      "name": "target_private_b",
      "provider": "provider[\"registry.terraform.io/hashicorp/aws\"].target",
      "instances": [
        {
          "schema_version": 1,
          "attributes": {
            "arn": "arn:aws:ec2:eu-west-2:009831754594:subnet/subnet-0bbc1c1e762897896",
            "assign_ipv6_address_on_creation": false,
            "availability_zone": "eu-west-2b",
            "availability_zone_id": "euw2-az3",
            "cidr_block": "10.1.2.0/24",
            "customer_owned_ipv4_pool": "",
            "enable_dns64": false,
            "enable_lni_at_device_index": 0,
            "enable_resource_name_dns_a_record_on_launch": false,
            "enable_resource_name_dns_aaaa_record_on_launch": false,
            "id": "subnet-0bbc1c1e762897896",
            "ipv4_ipam_pool_id": null,
            "ipv4_netmask_length": null,
            "ipv6_cidr_block": "",
            "ipv6_cidr_block_association_id": "",
            "ipv6_ipam_pool_id": null,
            "ipv6_native": false,
            "ipv6_netmask_length": null,
            "map_customer_owned_ip_on_launch": false,
            "map_public_ip_on_launch": false,
            "outpost_arn": "",
            "owner_id": "009831754594",
            "private_dns_hostname_type_on_launch": "ip-name",
            "region": "eu-west-2",
            "tags": {
              "Name": "target-private-b"
            },
            "tags_all": {
              "Name": "target-private-b"
            },
            "timeouts": null,
            "vpc_id": "vpc-00f79b98915e1f0ea"
          },
          "sensitive_attributes": [],
          "identity_schema_version": 0,
          "identity": {
            "account_id": "009831754594",
            "id": "subnet-0bbc1c1e762897896",
            "region": "eu-west-2"
          },
          "private": "eyJlMmJmYjczMC1lY2FhLTExZTYtOGY4OC0zNDM2M2JjN2M0YzAiOnsiY3JlYXRlIjo2MDAwMDAwMDAwMDAsImRlbGV0ZSI6MTIwMDAwMDAwMDAwMH0sInNjaGVtYV92ZXJzaW9uIjoiMSJ9",
          "dependencies": [
            "module.vpc.aws_vpc.target"
          ]
        }
      ]
    },
    {
      "module": "module.vpc",
      "mode": "managed",
      "type": "aws_vpc",
      "name": "source",
      "provider": "provider[\"registry.terraform.io/hashicorp/aws\"].source",
      "instances": [
        {
          "schema_version": 1,
          "attributes": {
            "arn": "arn:aws:ec2:eu-west-2:851459781336:vpc/vpc-00aed2d76a205edf2",
            "assign_generated_ipv6_cidr_block": false,
            "cidr_block": "10.0.0.0/16",
            "default_network_acl_id": "acl-0fe88d4ef82a92cf5",
            "default_route_table_id": "rtb-0c078aebad0325e35",
            "default_security_group_id": "sg-0bf0843bfd0883186",
            "dhcp_options_id": "dopt-0228dbf64fae4a464",
            "enable_dns_hostnames": false,
            "enable_dns_support": true,
            "enable_network_address_usage_metrics": false,
            "id": "vpc-00aed2d76a205edf2",
            "instance_tenancy": "default",
            "ipv4_ipam_pool_id": null,
            "ipv4_netmask_length": null,
            "ipv6_association_id": "",
            "ipv6_cidr_block": "",
            "ipv6_cidr_block_network_border_group": "",
            "ipv6_ipam_pool_id": "",
            "ipv6_netmask_length": 0,
            "main_route_table_id": "rtb-0c078aebad0325e35",
            "owner_id": "851459781336",
            "region": "eu-west-2",
            "tags": {
              "Name": "source-vpc"
            },
            "tags_all": {
              "Name": "source-vpc"
            }
          },
          "sensitive_attributes": [],
          "identity_schema_version": 0,
          "identity": {
            "account_id": "851459781336",
            "id": "vpc-00aed2d76a205edf2",
            "region": "eu-west-2"
          },
          "private": "eyJzY2hlbWFfdmVyc2lvbiI6IjEifQ=="
        }
      ]
    },
    {
      "module": "module.vpc",
      "mode": "managed",
      "type": "aws_vpc",
      "name": "target",
      "provider": "provider[\"registry.terraform.io/hashicorp/aws\"].target",
      "instances": [
        {
          "schema_version": 1,
          "attributes": {
            "arn": "arn:aws:ec2:eu-west-2:009831754594:vpc/vpc-00f79b98915e1f0ea",
            "assign_generated_ipv6_cidr_block": false,
            "cidr_block": "10.1.0.0/16",
            "default_network_acl_id": "acl-0b225033bf9f23738",
            "default_route_table_id": "rtb-0ecff214679b199be",
            "default_security_group_id": "sg-0b955d3976c1cf42a",
            "dhcp_options_id": "dopt-ac055ec5",
            "enable_dns_hostnames": false,
            "enable_dns_support": true,
            "enable_network_address_usage_metrics": false,
            "id": "vpc-00f79b98915e1f0ea",
            "instance_tenancy": "default",
            "ipv4_ipam_pool_id": null,
            "ipv4_netmask_length": null,
            "ipv6_association_id": "",
            "ipv6_cidr_block": "",
            "ipv6_cidr_block_network_border_group": "",
            "ipv6_ipam_pool_id": "",
            "ipv6_netmask_length": 0,
            "main_route_table_id": "rtb-0ecff214679b199be",
            "owner_id": "009831754594",
            "region": "eu-west-2",
            "tags": {
              "Name": "target-vpc"
            },
            "tags_all": {
              "Name": "target-vpc"
            }
          },
          "sensitive_attributes": [],
          "identity_schema_version": 0,
          "identity": {
            "account_id": "009831754594",
            "id": "vpc-00f79b98915e1f0ea",
            "region": "eu-west-2"
          },
          "private": "eyJzY2hlbWFfdmVyc2lvbiI6IjEifQ=="
        }
      ]
    },
    {
      "module": "module.vpc",
      "mode": "managed",
      "type": "aws_vpc_peering_connection",
      "name": "cross_account",
      "provider": "provider[\"registry.terraform.io/hashicorp/aws\"].source",
      "instances": [
        {
          "schema_version": 0,
          "attributes": {
            "accept_status": "active",
            "accepter": [],
            "auto_accept": false,
            "id": "pcx-0edc750113dd82bd2",
            "peer_owner_id": "009831754594",
            "peer_region": "eu-west-2",
            "peer_vpc_id": "vpc-00f79b98915e1f0ea",
            "region": "eu-west-2",
            "requester": [
              {
                "allow_remote_vpc_dns_resolution": false
              }
            ],
            "tags": {},
            "tags_all": {},
            "timeouts": null,
            "vpc_id": "vpc-00aed2d76a205edf2"
          },
          "sensitive_attributes": [],
          "identity_schema_version": 0,
          "private": "eyJlMmJmYjczMC1lY2FhLTExZTYtOGY4OC0zNDM2M2JjN2M0YzAiOnsiY3JlYXRlIjo2MDAwMDAwMDAwMCwiZGVsZXRlIjo2MDAwMDAwMDAwMCwidXBkYXRlIjo2MDAwMDAwMDAwMH19",
          "dependencies": [
            "module.vpc.aws_vpc.source",
            "module.vpc.aws_vpc.target"
          ]
        }
      ]
    },
    {
      "module": "module.vpc",
      "mode": "managed",
      "type": "aws_vpc_peering_connection_accepter",
      "name": "accept",
      "provider": "provider[\"registry.terraform.io/hashicorp/aws\"].target",
      "instances": [
        {
          "schema_version": 0,
          "attributes": {
            "accept_status": "active",
            "accepter": [
              {
                "allow_remote_vpc_dns_resolution": false
              }
            ],
            "auto_accept": true,
            "id": "pcx-0edc750113dd82bd2",
            "peer_owner_id": "851459781336",
            "peer_region": "eu-west-2",
            "peer_vpc_id": "vpc-00aed2d76a205edf2",
            "region": "eu-west-2",
            "requester": [],
            "tags": {},
            "tags_all": {},
            "timeouts": null,
            "vpc_id": "vpc-00f79b98915e1f0ea",
            "vpc_peering_connection_id": "pcx-0edc750113dd82bd2"
          },
          "sensitive_attributes": [],
          "identity_schema_version": 0,
          "private": "eyJlMmJmYjczMC1lY2FhLTExZTYtOGY4OC0zNDM2M2JjN2M0YzAiOnsiY3JlYXRlIjo2MDAwMDAwMDAwMCwidXBkYXRlIjo2MDAwMDAwMDAwMH19",
          "dependencies": [
            "module.vpc.aws_vpc.source",
            "module.vpc.aws_vpc.target",
            "module.vpc.aws_vpc_peering_connection.cross_account"
          ]
        }
      ]
    }
  ],
  "check_results": null
}
